// !$*UTF8*$!
{
	archiveVersion = 1;
	classes = {
	};
	objectVersion = 55;
	objects = {

/* Begin PBXBuildFile section */
		000A043C582A3855648CBAF8 /* Pods_MapZip.framework in Frameworks */ = {isa = PBXBuildFile; fileRef = F7EEBCA04CD022AFEA9CA523 /* Pods_MapZip.framework */; };
		04FB3954AC9953CA4C4427B6 /* Pods_MapZip_MapZipUITests.framework in Frameworks */ = {isa = PBXBuildFile; fileRef = 975DCFF2E682048DFB04B555 /* Pods_MapZip_MapZipUITests.framework */; };
		B9718826BAEC97810C304FE7 /* Pods_MapZipTests.framework in Frameworks */ = {isa = PBXBuildFile; fileRef = D84A6BBCDBB40854F6DE165D /* Pods_MapZipTests.framework */; };
		CF0D277B27E7800400C4E2FB /* TitleCollectionViewCell.swift in Sources */ = {isa = PBXBuildFile; fileRef = CF0D277A27E7800400C4E2FB /* TitleCollectionViewCell.swift */; };
		CF40F16527E6F86900AA3E32 /* Extensions.swift in Sources */ = {isa = PBXBuildFile; fileRef = CF40F16427E6F86900AA3E32 /* Extensions.swift */; };
		CF40F16727E7022600AA3E32 /* Constants.swift in Sources */ = {isa = PBXBuildFile; fileRef = CF40F16627E7022600AA3E32 /* Constants.swift */; };
		CFC37AA727DA424C00E079E7 /* Movie.swift in Sources */ = {isa = PBXBuildFile; fileRef = CFC37AA627DA424C00E079E7 /* Movie.swift */; };
		CFC7A50027D793D900F110C7 /* AppDelegate.swift in Sources */ = {isa = PBXBuildFile; fileRef = CFC7A4FF27D793D900F110C7 /* AppDelegate.swift */; };
		CFC7A50227D793D900F110C7 /* SceneDelegate.swift in Sources */ = {isa = PBXBuildFile; fileRef = CFC7A50127D793D900F110C7 /* SceneDelegate.swift */; };
		CFC7A50427D793D900F110C7 /* MainTabBarViewController.swift in Sources */ = {isa = PBXBuildFile; fileRef = CFC7A50327D793D900F110C7 /* MainTabBarViewController.swift */; };
		CFC7A50727D793D900F110C7 /* Main.storyboard in Resources */ = {isa = PBXBuildFile; fileRef = CFC7A50527D793D900F110C7 /* Main.storyboard */; };
		CFC7A50927D793DD00F110C7 /* Assets.xcassets in Resources */ = {isa = PBXBuildFile; fileRef = CFC7A50827D793DD00F110C7 /* Assets.xcassets */; };
		CFC7A50C27D793DD00F110C7 /* LaunchScreen.storyboard in Resources */ = {isa = PBXBuildFile; fileRef = CFC7A50A27D793DD00F110C7 /* LaunchScreen.storyboard */; };
		CFC7A51727D793DD00F110C7 /* MapZipTests.swift in Sources */ = {isa = PBXBuildFile; fileRef = CFC7A51627D793DD00F110C7 /* MapZipTests.swift */; };
		CFC7A52127D793DD00F110C7 /* MapZipUITests.swift in Sources */ = {isa = PBXBuildFile; fileRef = CFC7A52027D793DD00F110C7 /* MapZipUITests.swift */; };
		CFC7A52327D793DD00F110C7 /* MapZipUITestsLaunchTests.swift in Sources */ = {isa = PBXBuildFile; fileRef = CFC7A52227D793DD00F110C7 /* MapZipUITestsLaunchTests.swift */; };
		CFC7A53127D79A4D00F110C7 /* HomeViewController.swift in Sources */ = {isa = PBXBuildFile; fileRef = CFC7A53027D79A4D00F110C7 /* HomeViewController.swift */; };
		CFC7A53327D79DC400F110C7 /* SearchViewController.swift in Sources */ = {isa = PBXBuildFile; fileRef = CFC7A53227D79DC400F110C7 /* SearchViewController.swift */; };
		CFC7A53527D79DD500F110C7 /* MapViewController.swift in Sources */ = {isa = PBXBuildFile; fileRef = CFC7A53427D79DD500F110C7 /* MapViewController.swift */; };
		CFC7A53C27D7A81C00F110C7 /* CollectionViewTableViewCell.swift in Sources */ = {isa = PBXBuildFile; fileRef = CFC7A53B27D7A81C00F110C7 /* CollectionViewTableViewCell.swift */; };
		CFC7A53E27D7B5F400F110C7 /* HeaderView.swift in Sources */ = {isa = PBXBuildFile; fileRef = CFC7A53D27D7B5F400F110C7 /* HeaderView.swift */; };
		CFC7A54227D8CB6A00F110C7 /* APICaller.swift in Sources */ = {isa = PBXBuildFile; fileRef = CFC7A54127D8CB6A00F110C7 /* APICaller.swift */; };
		CFD167FD27DE3E4C0094B8ED /* README.md in Resources */ = {isa = PBXBuildFile; fileRef = CFD167FC27DE3E4B0094B8ED /* README.md */; };
		CFF7695927E70CA00069B45D /* NMapAPICaller.swift in Sources */ = {isa = PBXBuildFile; fileRef = CFF7695827E70CA00069B45D /* NMapAPICaller.swift */; };
		CFF7695B27E71EDB0069B45D /* MapView.swift in Sources */ = {isa = PBXBuildFile; fileRef = CFF7695A27E71EDB0069B45D /* MapView.swift */; };
		CFF7695D27E77D6F0069B45D /* TV.swift in Sources */ = {isa = PBXBuildFile; fileRef = CFF7695C27E77D6F0069B45D /* TV.swift */; };
/* End PBXBuildFile section */

/* Begin PBXContainerItemProxy section */
		CFC7A51327D793DD00F110C7 /* PBXContainerItemProxy */ = {
			isa = PBXContainerItemProxy;
			containerPortal = CFC7A4F427D793D900F110C7 /* Project object */;
			proxyType = 1;
			remoteGlobalIDString = CFC7A4FB27D793D900F110C7;
			remoteInfo = MapZip;
		};
		CFC7A51D27D793DD00F110C7 /* PBXContainerItemProxy */ = {
			isa = PBXContainerItemProxy;
			containerPortal = CFC7A4F427D793D900F110C7 /* Project object */;
			proxyType = 1;
			remoteGlobalIDString = CFC7A4FB27D793D900F110C7;
			remoteInfo = MapZip;
		};
/* End PBXContainerItemProxy section */

/* Begin PBXFileReference section */
		16C098DD9F51481CEC4BDED2 /* Pods-MapZipTests.debug.xcconfig */ = {isa = PBXFileReference; includeInIndex = 1; lastKnownFileType = text.xcconfig; name = "Pods-MapZipTests.debug.xcconfig"; path = "Target Support Files/Pods-MapZipTests/Pods-MapZipTests.debug.xcconfig"; sourceTree = "<group>"; };
		1759BFD169BEDF15D36A0BD1 /* Pods-MapZipTests.release.xcconfig */ = {isa = PBXFileReference; includeInIndex = 1; lastKnownFileType = text.xcconfig; name = "Pods-MapZipTests.release.xcconfig"; path = "Target Support Files/Pods-MapZipTests/Pods-MapZipTests.release.xcconfig"; sourceTree = "<group>"; };
		2482192F69075ACFA5163260 /* Pods-MapZip-MapZipUITests.debug.xcconfig */ = {isa = PBXFileReference; includeInIndex = 1; lastKnownFileType = text.xcconfig; name = "Pods-MapZip-MapZipUITests.debug.xcconfig"; path = "Target Support Files/Pods-MapZip-MapZipUITests/Pods-MapZip-MapZipUITests.debug.xcconfig"; sourceTree = "<group>"; };
		2B43767EBE0133B7B0A8C3DC /* Pods-MapZip.debug.xcconfig */ = {isa = PBXFileReference; includeInIndex = 1; lastKnownFileType = text.xcconfig; name = "Pods-MapZip.debug.xcconfig"; path = "Target Support Files/Pods-MapZip/Pods-MapZip.debug.xcconfig"; sourceTree = "<group>"; };
		975DCFF2E682048DFB04B555 /* Pods_MapZip_MapZipUITests.framework */ = {isa = PBXFileReference; explicitFileType = wrapper.framework; includeInIndex = 0; path = Pods_MapZip_MapZipUITests.framework; sourceTree = BUILT_PRODUCTS_DIR; };
		B334942142C2EA2DE600F55C /* Pods-MapZip.release.xcconfig */ = {isa = PBXFileReference; includeInIndex = 1; lastKnownFileType = text.xcconfig; name = "Pods-MapZip.release.xcconfig"; path = "Target Support Files/Pods-MapZip/Pods-MapZip.release.xcconfig"; sourceTree = "<group>"; };
		CF0D277A27E7800400C4E2FB /* TitleCollectionViewCell.swift */ = {isa = PBXFileReference; lastKnownFileType = sourcecode.swift; path = TitleCollectionViewCell.swift; sourceTree = "<group>"; };
		CF40F16427E6F86900AA3E32 /* Extensions.swift */ = {isa = PBXFileReference; lastKnownFileType = sourcecode.swift; path = Extensions.swift; sourceTree = "<group>"; };
		CF40F16627E7022600AA3E32 /* Constants.swift */ = {isa = PBXFileReference; lastKnownFileType = sourcecode.swift; path = Constants.swift; sourceTree = "<group>"; };
		CFC37AA627DA424C00E079E7 /* Movie.swift */ = {isa = PBXFileReference; lastKnownFileType = sourcecode.swift; path = Movie.swift; sourceTree = "<group>"; };
		CFC7A4FC27D793D900F110C7 /* MapZip.app */ = {isa = PBXFileReference; explicitFileType = wrapper.application; includeInIndex = 0; path = MapZip.app; sourceTree = BUILT_PRODUCTS_DIR; };
		CFC7A4FF27D793D900F110C7 /* AppDelegate.swift */ = {isa = PBXFileReference; lastKnownFileType = sourcecode.swift; path = AppDelegate.swift; sourceTree = "<group>"; };
		CFC7A50127D793D900F110C7 /* SceneDelegate.swift */ = {isa = PBXFileReference; lastKnownFileType = sourcecode.swift; path = SceneDelegate.swift; sourceTree = "<group>"; };
		CFC7A50327D793D900F110C7 /* MainTabBarViewController.swift */ = {isa = PBXFileReference; lastKnownFileType = sourcecode.swift; path = MainTabBarViewController.swift; sourceTree = "<group>"; };
		CFC7A50627D793D900F110C7 /* Base */ = {isa = PBXFileReference; lastKnownFileType = file.storyboard; name = Base; path = Base.lproj/Main.storyboard; sourceTree = "<group>"; };
		CFC7A50827D793DD00F110C7 /* Assets.xcassets */ = {isa = PBXFileReference; lastKnownFileType = folder.assetcatalog; path = Assets.xcassets; sourceTree = "<group>"; };
		CFC7A50B27D793DD00F110C7 /* Base */ = {isa = PBXFileReference; lastKnownFileType = file.storyboard; name = Base; path = Base.lproj/LaunchScreen.storyboard; sourceTree = "<group>"; };
		CFC7A50D27D793DD00F110C7 /* Info.plist */ = {isa = PBXFileReference; lastKnownFileType = text.plist.xml; path = Info.plist; sourceTree = "<group>"; };
		CFC7A51227D793DD00F110C7 /* MapZipTests.xctest */ = {isa = PBXFileReference; explicitFileType = wrapper.cfbundle; includeInIndex = 0; path = MapZipTests.xctest; sourceTree = BUILT_PRODUCTS_DIR; };
		CFC7A51627D793DD00F110C7 /* MapZipTests.swift */ = {isa = PBXFileReference; lastKnownFileType = sourcecode.swift; path = MapZipTests.swift; sourceTree = "<group>"; };
		CFC7A51C27D793DD00F110C7 /* MapZipUITests.xctest */ = {isa = PBXFileReference; explicitFileType = wrapper.cfbundle; includeInIndex = 0; path = MapZipUITests.xctest; sourceTree = BUILT_PRODUCTS_DIR; };
		CFC7A52027D793DD00F110C7 /* MapZipUITests.swift */ = {isa = PBXFileReference; lastKnownFileType = sourcecode.swift; path = MapZipUITests.swift; sourceTree = "<group>"; };
		CFC7A52227D793DD00F110C7 /* MapZipUITestsLaunchTests.swift */ = {isa = PBXFileReference; lastKnownFileType = sourcecode.swift; path = MapZipUITestsLaunchTests.swift; sourceTree = "<group>"; };
		CFC7A53027D79A4D00F110C7 /* HomeViewController.swift */ = {isa = PBXFileReference; lastKnownFileType = sourcecode.swift; path = HomeViewController.swift; sourceTree = "<group>"; };
		CFC7A53227D79DC400F110C7 /* SearchViewController.swift */ = {isa = PBXFileReference; lastKnownFileType = sourcecode.swift; path = SearchViewController.swift; sourceTree = "<group>"; };
		CFC7A53427D79DD500F110C7 /* MapViewController.swift */ = {isa = PBXFileReference; lastKnownFileType = sourcecode.swift; path = MapViewController.swift; sourceTree = "<group>"; };
		CFC7A53B27D7A81C00F110C7 /* CollectionViewTableViewCell.swift */ = {isa = PBXFileReference; lastKnownFileType = sourcecode.swift; path = CollectionViewTableViewCell.swift; sourceTree = "<group>"; };
		CFC7A53D27D7B5F400F110C7 /* HeaderView.swift */ = {isa = PBXFileReference; lastKnownFileType = sourcecode.swift; path = HeaderView.swift; sourceTree = "<group>"; };
		CFC7A54127D8CB6A00F110C7 /* APICaller.swift */ = {isa = PBXFileReference; lastKnownFileType = sourcecode.swift; path = APICaller.swift; sourceTree = "<group>"; };
		CFD167FC27DE3E4B0094B8ED /* README.md */ = {isa = PBXFileReference; fileEncoding = 4; lastKnownFileType = net.daringfireball.markdown; path = README.md; sourceTree = "<group>"; };
		CFF7695827E70CA00069B45D /* NMapAPICaller.swift */ = {isa = PBXFileReference; lastKnownFileType = sourcecode.swift; path = NMapAPICaller.swift; sourceTree = "<group>"; };
		CFF7695A27E71EDB0069B45D /* MapView.swift */ = {isa = PBXFileReference; lastKnownFileType = sourcecode.swift; path = MapView.swift; sourceTree = "<group>"; };
		CFF7695C27E77D6F0069B45D /* TV.swift */ = {isa = PBXFileReference; lastKnownFileType = sourcecode.swift; path = TV.swift; sourceTree = "<group>"; };
		D84A6BBCDBB40854F6DE165D /* Pods_MapZipTests.framework */ = {isa = PBXFileReference; explicitFileType = wrapper.framework; includeInIndex = 0; path = Pods_MapZipTests.framework; sourceTree = BUILT_PRODUCTS_DIR; };
		D9058ED2333F2CAA1305B8FF /* Pods-MapZip-MapZipUITests.release.xcconfig */ = {isa = PBXFileReference; includeInIndex = 1; lastKnownFileType = text.xcconfig; name = "Pods-MapZip-MapZipUITests.release.xcconfig"; path = "Target Support Files/Pods-MapZip-MapZipUITests/Pods-MapZip-MapZipUITests.release.xcconfig"; sourceTree = "<group>"; };
		F7EEBCA04CD022AFEA9CA523 /* Pods_MapZip.framework */ = {isa = PBXFileReference; explicitFileType = wrapper.framework; includeInIndex = 0; path = Pods_MapZip.framework; sourceTree = BUILT_PRODUCTS_DIR; };
/* End PBXFileReference section */

/* Begin PBXFrameworksBuildPhase section */
		CFC7A4F927D793D900F110C7 /* Frameworks */ = {
			isa = PBXFrameworksBuildPhase;
			buildActionMask = 2147483647;
			files = (
				000A043C582A3855648CBAF8 /* Pods_MapZip.framework in Frameworks */,
			);
			runOnlyForDeploymentPostprocessing = 0;
		};
		CFC7A50F27D793DD00F110C7 /* Frameworks */ = {
			isa = PBXFrameworksBuildPhase;
			buildActionMask = 2147483647;
			files = (
				B9718826BAEC97810C304FE7 /* Pods_MapZipTests.framework in Frameworks */,
			);
			runOnlyForDeploymentPostprocessing = 0;
		};
		CFC7A51927D793DD00F110C7 /* Frameworks */ = {
			isa = PBXFrameworksBuildPhase;
			buildActionMask = 2147483647;
			files = (
				04FB3954AC9953CA4C4427B6 /* Pods_MapZip_MapZipUITests.framework in Frameworks */,
			);
			runOnlyForDeploymentPostprocessing = 0;
		};
/* End PBXFrameworksBuildPhase section */

/* Begin PBXGroup section */
		22E10BBAB0DD9907AA1C66B5 /* Frameworks */ = {
			isa = PBXGroup;
			children = (
				F7EEBCA04CD022AFEA9CA523 /* Pods_MapZip.framework */,
				975DCFF2E682048DFB04B555 /* Pods_MapZip_MapZipUITests.framework */,
				D84A6BBCDBB40854F6DE165D /* Pods_MapZipTests.framework */,
			);
			name = Frameworks;
			sourceTree = "<group>";
		};
		CFC7A4F327D793D900F110C7 = {
			isa = PBXGroup;
			children = (
				CFD167FC27DE3E4B0094B8ED /* README.md */,
				CFC7A4FE27D793D900F110C7 /* MapZip */,
				CFC7A51527D793DD00F110C7 /* MapZipTests */,
				CFC7A51F27D793DD00F110C7 /* MapZipUITests */,
				CFC7A4FD27D793D900F110C7 /* Products */,
				DF478462107095BE77FC8411 /* Pods */,
				22E10BBAB0DD9907AA1C66B5 /* Frameworks */,
			);
			sourceTree = "<group>";
		};
		CFC7A4FD27D793D900F110C7 /* Products */ = {
			isa = PBXGroup;
			children = (
				CFC7A4FC27D793D900F110C7 /* MapZip.app */,
				CFC7A51227D793DD00F110C7 /* MapZipTests.xctest */,
				CFC7A51C27D793DD00F110C7 /* MapZipUITests.xctest */,
			);
			name = Products;
			sourceTree = "<group>";
		};
		CFC7A4FE27D793D900F110C7 /* MapZip */ = {
			isa = PBXGroup;
			children = (
				CFC7A53A27D7A7D400F110C7 /* Managers */,
				CFC7A53927D7A7CE00F110C7 /* Resources */,
				CFC7A53827D7A7C300F110C7 /* Views */,
				CFC7A53727D7A7BD00F110C7 /* ViewModels */,
				CFC7A53627D7A7B300F110C7 /* Models */,
				CFC7A52F27D79A3C00F110C7 /* Controllers */,
				CFC7A4FF27D793D900F110C7 /* AppDelegate.swift */,
				CFC7A50127D793D900F110C7 /* SceneDelegate.swift */,
				CFC7A50327D793D900F110C7 /* MainTabBarViewController.swift */,
				CFC7A50527D793D900F110C7 /* Main.storyboard */,
				CFC7A50827D793DD00F110C7 /* Assets.xcassets */,
				CFC7A50A27D793DD00F110C7 /* LaunchScreen.storyboard */,
				CFC7A50D27D793DD00F110C7 /* Info.plist */,
			);
			path = MapZip;
			sourceTree = "<group>";
		};
		CFC7A51527D793DD00F110C7 /* MapZipTests */ = {
			isa = PBXGroup;
			children = (
				CFC7A51627D793DD00F110C7 /* MapZipTests.swift */,
			);
			path = MapZipTests;
			sourceTree = "<group>";
		};
		CFC7A51F27D793DD00F110C7 /* MapZipUITests */ = {
			isa = PBXGroup;
			children = (
				CFC7A52027D793DD00F110C7 /* MapZipUITests.swift */,
				CFC7A52227D793DD00F110C7 /* MapZipUITestsLaunchTests.swift */,
			);
			path = MapZipUITests;
			sourceTree = "<group>";
		};
		CFC7A52F27D79A3C00F110C7 /* Controllers */ = {
			isa = PBXGroup;
			children = (
				CFC7A53027D79A4D00F110C7 /* HomeViewController.swift */,
				CFC7A53427D79DD500F110C7 /* MapViewController.swift */,
				CFC7A53227D79DC400F110C7 /* SearchViewController.swift */,
			);
			path = Controllers;
			sourceTree = "<group>";
		};
		CFC7A53627D7A7B300F110C7 /* Models */ = {
			isa = PBXGroup;
			children = (
				CFC37AA627DA424C00E079E7 /* Movie.swift */,
				CFF7695C27E77D6F0069B45D /* TV.swift */,
			);
			path = Models;
			sourceTree = "<group>";
		};
		CFC7A53727D7A7BD00F110C7 /* ViewModels */ = {
			isa = PBXGroup;
			children = (
			);
			path = ViewModels;
			sourceTree = "<group>";
		};
		CFC7A53827D7A7C300F110C7 /* Views */ = {
			isa = PBXGroup;
			children = (
				CFC7A53D27D7B5F400F110C7 /* HeaderView.swift */,
				CFF7695A27E71EDB0069B45D /* MapView.swift */,
				CFC7A53B27D7A81C00F110C7 /* CollectionViewTableViewCell.swift */,
				CF0D277A27E7800400C4E2FB /* TitleCollectionViewCell.swift */,
			);
			path = Views;
			sourceTree = "<group>";
		};
		CFC7A53927D7A7CE00F110C7 /* Resources */ = {
			isa = PBXGroup;
			children = (
				CF40F16427E6F86900AA3E32 /* Extensions.swift */,
				CF40F16627E7022600AA3E32 /* Constants.swift */,
			);
			path = Resources;
			sourceTree = "<group>";
		};
		CFC7A53A27D7A7D400F110C7 /* Managers */ = {
			isa = PBXGroup;
			children = (
				CFC7A54127D8CB6A00F110C7 /* APICaller.swift */,
				CFF7695827E70CA00069B45D /* NMapAPICaller.swift */,
			);
			path = Managers;
			sourceTree = "<group>";
		};
		DF478462107095BE77FC8411 /* Pods */ = {
			isa = PBXGroup;
			children = (
				2B43767EBE0133B7B0A8C3DC /* Pods-MapZip.debug.xcconfig */,
				B334942142C2EA2DE600F55C /* Pods-MapZip.release.xcconfig */,
				2482192F69075ACFA5163260 /* Pods-MapZip-MapZipUITests.debug.xcconfig */,
				D9058ED2333F2CAA1305B8FF /* Pods-MapZip-MapZipUITests.release.xcconfig */,
				16C098DD9F51481CEC4BDED2 /* Pods-MapZipTests.debug.xcconfig */,
				1759BFD169BEDF15D36A0BD1 /* Pods-MapZipTests.release.xcconfig */,
			);
			path = Pods;
			sourceTree = "<group>";
		};
/* End PBXGroup section */

/* Begin PBXNativeTarget section */
		CFC7A4FB27D793D900F110C7 /* MapZip */ = {
			isa = PBXNativeTarget;
			buildConfigurationList = CFC7A52627D793DD00F110C7 /* Build configuration list for PBXNativeTarget "MapZip" */;
			buildPhases = (
				6B878FD8F15C9AABABC467A9 /* [CP] Check Pods Manifest.lock */,
				CFC7A4F827D793D900F110C7 /* Sources */,
				CFC7A4F927D793D900F110C7 /* Frameworks */,
				CFC7A4FA27D793D900F110C7 /* Resources */,
				D7292F1FF02A37BC021E0098 /* [CP] Embed Pods Frameworks */,
			);
			buildRules = (
			);
			dependencies = (
			);
			name = MapZip;
			productName = MapZip;
			productReference = CFC7A4FC27D793D900F110C7 /* MapZip.app */;
			productType = "com.apple.product-type.application";
		};
		CFC7A51127D793DD00F110C7 /* MapZipTests */ = {
			isa = PBXNativeTarget;
			buildConfigurationList = CFC7A52927D793DD00F110C7 /* Build configuration list for PBXNativeTarget "MapZipTests" */;
			buildPhases = (
				9C7708F3B1D984C6954893A7 /* [CP] Check Pods Manifest.lock */,
				CFC7A50E27D793DD00F110C7 /* Sources */,
				CFC7A50F27D793DD00F110C7 /* Frameworks */,
				CFC7A51027D793DD00F110C7 /* Resources */,
			);
			buildRules = (
			);
			dependencies = (
				CFC7A51427D793DD00F110C7 /* PBXTargetDependency */,
			);
			name = MapZipTests;
			productName = MapZipTests;
			productReference = CFC7A51227D793DD00F110C7 /* MapZipTests.xctest */;
			productType = "com.apple.product-type.bundle.unit-test";
		};
		CFC7A51B27D793DD00F110C7 /* MapZipUITests */ = {
			isa = PBXNativeTarget;
			buildConfigurationList = CFC7A52C27D793DD00F110C7 /* Build configuration list for PBXNativeTarget "MapZipUITests" */;
			buildPhases = (
				D95E13009D14EDF7D23CA2BA /* [CP] Check Pods Manifest.lock */,
				CFC7A51827D793DD00F110C7 /* Sources */,
				CFC7A51927D793DD00F110C7 /* Frameworks */,
				CFC7A51A27D793DD00F110C7 /* Resources */,
				418479E294A2D0144A251C4A /* [CP] Embed Pods Frameworks */,
			);
			buildRules = (
			);
			dependencies = (
				CFC7A51E27D793DD00F110C7 /* PBXTargetDependency */,
			);
			name = MapZipUITests;
			productName = MapZipUITests;
			productReference = CFC7A51C27D793DD00F110C7 /* MapZipUITests.xctest */;
			productType = "com.apple.product-type.bundle.ui-testing";
		};
/* End PBXNativeTarget section */

/* Begin PBXProject section */
		CFC7A4F427D793D900F110C7 /* Project object */ = {
			isa = PBXProject;
			attributes = {
				BuildIndependentTargetsInParallel = 1;
				LastSwiftUpdateCheck = 1320;
				LastUpgradeCheck = 1320;
				TargetAttributes = {
					CFC7A4FB27D793D900F110C7 = {
						CreatedOnToolsVersion = 13.2.1;
					};
					CFC7A51127D793DD00F110C7 = {
						CreatedOnToolsVersion = 13.2.1;
						TestTargetID = CFC7A4FB27D793D900F110C7;
					};
					CFC7A51B27D793DD00F110C7 = {
						CreatedOnToolsVersion = 13.2.1;
						TestTargetID = CFC7A4FB27D793D900F110C7;
					};
				};
			};
			buildConfigurationList = CFC7A4F727D793D900F110C7 /* Build configuration list for PBXProject "MapZip" */;
			compatibilityVersion = "Xcode 13.0";
			developmentRegion = en;
			hasScannedForEncodings = 0;
			knownRegions = (
				en,
				Base,
			);
			mainGroup = CFC7A4F327D793D900F110C7;
			productRefGroup = CFC7A4FD27D793D900F110C7 /* Products */;
			projectDirPath = "";
			projectRoot = "";
			targets = (
				CFC7A4FB27D793D900F110C7 /* MapZip */,
				CFC7A51127D793DD00F110C7 /* MapZipTests */,
				CFC7A51B27D793DD00F110C7 /* MapZipUITests */,
			);
		};
/* End PBXProject section */

/* Begin PBXResourcesBuildPhase section */
		CFC7A4FA27D793D900F110C7 /* Resources */ = {
			isa = PBXResourcesBuildPhase;
			buildActionMask = 2147483647;
			files = (
				CFC7A50C27D793DD00F110C7 /* LaunchScreen.storyboard in Resources */,
				CFC7A50927D793DD00F110C7 /* Assets.xcassets in Resources */,
				CFD167FD27DE3E4C0094B8ED /* README.md in Resources */,
				CFC7A50727D793D900F110C7 /* Main.storyboard in Resources */,
			);
			runOnlyForDeploymentPostprocessing = 0;
		};
		CFC7A51027D793DD00F110C7 /* Resources */ = {
			isa = PBXResourcesBuildPhase;
			buildActionMask = 2147483647;
			files = (
			);
			runOnlyForDeploymentPostprocessing = 0;
		};
		CFC7A51A27D793DD00F110C7 /* Resources */ = {
			isa = PBXResourcesBuildPhase;
			buildActionMask = 2147483647;
			files = (
			);
			runOnlyForDeploymentPostprocessing = 0;
		};
/* End PBXResourcesBuildPhase section */

/* Begin PBXShellScriptBuildPhase section */
		418479E294A2D0144A251C4A /* [CP] Embed Pods Frameworks */ = {
			isa = PBXShellScriptBuildPhase;
			buildActionMask = 2147483647;
			files = (
			);
			inputFileListPaths = (
				"${PODS_ROOT}/Target Support Files/Pods-MapZip-MapZipUITests/Pods-MapZip-MapZipUITests-frameworks-${CONFIGURATION}-input-files.xcfilelist",
			);
			name = "[CP] Embed Pods Frameworks";
			outputFileListPaths = (
				"${PODS_ROOT}/Target Support Files/Pods-MapZip-MapZipUITests/Pods-MapZip-MapZipUITests-frameworks-${CONFIGURATION}-output-files.xcfilelist",
			);
			runOnlyForDeploymentPostprocessing = 0;
			shellPath = /bin/sh;
			shellScript = "\"${PODS_ROOT}/Target Support Files/Pods-MapZip-MapZipUITests/Pods-MapZip-MapZipUITests-frameworks.sh\"\n";
			showEnvVarsInLog = 0;
		};
		6B878FD8F15C9AABABC467A9 /* [CP] Check Pods Manifest.lock */ = {
			isa = PBXShellScriptBuildPhase;
			buildActionMask = 2147483647;
			files = (
			);
			inputFileListPaths = (
			);
			inputPaths = (
				"${PODS_PODFILE_DIR_PATH}/Podfile.lock",
				"${PODS_ROOT}/Manifest.lock",
			);
			name = "[CP] Check Pods Manifest.lock";
			outputFileListPaths = (
			);
			outputPaths = (
				"$(DERIVED_FILE_DIR)/Pods-MapZip-checkManifestLockResult.txt",
			);
			runOnlyForDeploymentPostprocessing = 0;
			shellPath = /bin/sh;
			shellScript = "diff \"${PODS_PODFILE_DIR_PATH}/Podfile.lock\" \"${PODS_ROOT}/Manifest.lock\" > /dev/null\nif [ $? != 0 ] ; then\n    # print error to STDERR\n    echo \"error: The sandbox is not in sync with the Podfile.lock. Run 'pod install' or update your CocoaPods installation.\" >&2\n    exit 1\nfi\n# This output is used by Xcode 'outputs' to avoid re-running this script phase.\necho \"SUCCESS\" > \"${SCRIPT_OUTPUT_FILE_0}\"\n";
			showEnvVarsInLog = 0;
		};
		9C7708F3B1D984C6954893A7 /* [CP] Check Pods Manifest.lock */ = {
			isa = PBXShellScriptBuildPhase;
			buildActionMask = 2147483647;
			files = (
			);
			inputFileListPaths = (
			);
			inputPaths = (
				"${PODS_PODFILE_DIR_PATH}/Podfile.lock",
				"${PODS_ROOT}/Manifest.lock",
			);
			name = "[CP] Check Pods Manifest.lock";
			outputFileListPaths = (
			);
			outputPaths = (
				"$(DERIVED_FILE_DIR)/Pods-MapZipTests-checkManifestLockResult.txt",
			);
			runOnlyForDeploymentPostprocessing = 0;
			shellPath = /bin/sh;
			shellScript = "diff \"${PODS_PODFILE_DIR_PATH}/Podfile.lock\" \"${PODS_ROOT}/Manifest.lock\" > /dev/null\nif [ $? != 0 ] ; then\n    # print error to STDERR\n    echo \"error: The sandbox is not in sync with the Podfile.lock. Run 'pod install' or update your CocoaPods installation.\" >&2\n    exit 1\nfi\n# This output is used by Xcode 'outputs' to avoid re-running this script phase.\necho \"SUCCESS\" > \"${SCRIPT_OUTPUT_FILE_0}\"\n";
			showEnvVarsInLog = 0;
		};
		D7292F1FF02A37BC021E0098 /* [CP] Embed Pods Frameworks */ = {
			isa = PBXShellScriptBuildPhase;
			buildActionMask = 2147483647;
			files = (
			);
			inputFileListPaths = (
				"${PODS_ROOT}/Target Support Files/Pods-MapZip/Pods-MapZip-frameworks-${CONFIGURATION}-input-files.xcfilelist",
			);
			name = "[CP] Embed Pods Frameworks";
			outputFileListPaths = (
				"${PODS_ROOT}/Target Support Files/Pods-MapZip/Pods-MapZip-frameworks-${CONFIGURATION}-output-files.xcfilelist",
			);
			runOnlyForDeploymentPostprocessing = 0;
			shellPath = /bin/sh;
			shellScript = "\"${PODS_ROOT}/Target Support Files/Pods-MapZip/Pods-MapZip-frameworks.sh\"\n";
			showEnvVarsInLog = 0;
		};
		D95E13009D14EDF7D23CA2BA /* [CP] Check Pods Manifest.lock */ = {
			isa = PBXShellScriptBuildPhase;
			buildActionMask = 2147483647;
			files = (
			);
			inputFileListPaths = (
			);
			inputPaths = (
				"${PODS_PODFILE_DIR_PATH}/Podfile.lock",
				"${PODS_ROOT}/Manifest.lock",
			);
			name = "[CP] Check Pods Manifest.lock";
			outputFileListPaths = (
			);
			outputPaths = (
				"$(DERIVED_FILE_DIR)/Pods-MapZip-MapZipUITests-checkManifestLockResult.txt",
			);
			runOnlyForDeploymentPostprocessing = 0;
			shellPath = /bin/sh;
			shellScript = "diff \"${PODS_PODFILE_DIR_PATH}/Podfile.lock\" \"${PODS_ROOT}/Manifest.lock\" > /dev/null\nif [ $? != 0 ] ; then\n    # print error to STDERR\n    echo \"error: The sandbox is not in sync with the Podfile.lock. Run 'pod install' or update your CocoaPods installation.\" >&2\n    exit 1\nfi\n# This output is used by Xcode 'outputs' to avoid re-running this script phase.\necho \"SUCCESS\" > \"${SCRIPT_OUTPUT_FILE_0}\"\n";
			showEnvVarsInLog = 0;
		};
/* End PBXShellScriptBuildPhase section */

/* Begin PBXSourcesBuildPhase section */
		CFC7A4F827D793D900F110C7 /* Sources */ = {
			isa = PBXSourcesBuildPhase;
			buildActionMask = 2147483647;
			files = (
				CFC7A53327D79DC400F110C7 /* SearchViewController.swift in Sources */,
				CF0D277B27E7800400C4E2FB /* TitleCollectionViewCell.swift in Sources */,
				CFC7A53527D79DD500F110C7 /* MapViewController.swift in Sources */,
				CFC7A50427D793D900F110C7 /* MainTabBarViewController.swift in Sources */,
				CFC7A53C27D7A81C00F110C7 /* CollectionViewTableViewCell.swift in Sources */,
				CFC37AA727DA424C00E079E7 /* Movie.swift in Sources */,
				CFC7A54227D8CB6A00F110C7 /* APICaller.swift in Sources */,
				CFC7A50027D793D900F110C7 /* AppDelegate.swift in Sources */,
				CFF7695B27E71EDB0069B45D /* MapView.swift in Sources */,
				CFF7695D27E77D6F0069B45D /* TV.swift in Sources */,
				CFC7A50227D793D900F110C7 /* SceneDelegate.swift in Sources */,
				CFF7695927E70CA00069B45D /* NMapAPICaller.swift in Sources */,
				CFC7A53127D79A4D00F110C7 /* HomeViewController.swift in Sources */,
				CF40F16527E6F86900AA3E32 /* Extensions.swift in Sources */,
				CFC7A53E27D7B5F400F110C7 /* HeaderView.swift in Sources */,
				CF40F16727E7022600AA3E32 /* Constants.swift in Sources */,
			);
			runOnlyForDeploymentPostprocessing = 0;
		};
		CFC7A50E27D793DD00F110C7 /* Sources */ = {
			isa = PBXSourcesBuildPhase;
			buildActionMask = 2147483647;
			files = (
				CFC7A51727D793DD00F110C7 /* MapZipTests.swift in Sources */,
			);
			runOnlyForDeploymentPostprocessing = 0;
		};
		CFC7A51827D793DD00F110C7 /* Sources */ = {
			isa = PBXSourcesBuildPhase;
			buildActionMask = 2147483647;
			files = (
				CFC7A52127D793DD00F110C7 /* MapZipUITests.swift in Sources */,
				CFC7A52327D793DD00F110C7 /* MapZipUITestsLaunchTests.swift in Sources */,
			);
			runOnlyForDeploymentPostprocessing = 0;
		};
/* End PBXSourcesBuildPhase section */

/* Begin PBXTargetDependency section */
		CFC7A51427D793DD00F110C7 /* PBXTargetDependency */ = {
			isa = PBXTargetDependency;
			target = CFC7A4FB27D793D900F110C7 /* MapZip */;
			targetProxy = CFC7A51327D793DD00F110C7 /* PBXContainerItemProxy */;
		};
		CFC7A51E27D793DD00F110C7 /* PBXTargetDependency */ = {
			isa = PBXTargetDependency;
			target = CFC7A4FB27D793D900F110C7 /* MapZip */;
			targetProxy = CFC7A51D27D793DD00F110C7 /* PBXContainerItemProxy */;
		};
/* End PBXTargetDependency section */

/* Begin PBXVariantGroup section */
		CFC7A50527D793D900F110C7 /* Main.storyboard */ = {
			isa = PBXVariantGroup;
			children = (
				CFC7A50627D793D900F110C7 /* Base */,
			);
			name = Main.storyboard;
			sourceTree = "<group>";
		};
		CFC7A50A27D793DD00F110C7 /* LaunchScreen.storyboard */ = {
			isa = PBXVariantGroup;
			children = (
				CFC7A50B27D793DD00F110C7 /* Base */,
			);
			name = LaunchScreen.storyboard;
			sourceTree = "<group>";
		};
/* End PBXVariantGroup section */

/* Begin XCBuildConfiguration section */
		CFC7A52427D793DD00F110C7 /* Debug */ = {
			isa = XCBuildConfiguration;
			buildSettings = {
				ALWAYS_SEARCH_USER_PATHS = NO;
				CLANG_ANALYZER_NONNULL = YES;
				CLANG_ANALYZER_NUMBER_OBJECT_CONVERSION = YES_AGGRESSIVE;
				CLANG_CXX_LANGUAGE_STANDARD = "gnu++17";
				CLANG_CXX_LIBRARY = "libc++";
				CLANG_ENABLE_MODULES = YES;
				CLANG_ENABLE_OBJC_ARC = YES;
				CLANG_ENABLE_OBJC_WEAK = YES;
				CLANG_WARN_BLOCK_CAPTURE_AUTORELEASING = YES;
				CLANG_WARN_BOOL_CONVERSION = YES;
				CLANG_WARN_COMMA = YES;
				CLANG_WARN_CONSTANT_CONVERSION = YES;
				CLANG_WARN_DEPRECATED_OBJC_IMPLEMENTATIONS = YES;
				CLANG_WARN_DIRECT_OBJC_ISA_USAGE = YES_ERROR;
				CLANG_WARN_DOCUMENTATION_COMMENTS = YES;
				CLANG_WARN_EMPTY_BODY = YES;
				CLANG_WARN_ENUM_CONVERSION = YES;
				CLANG_WARN_INFINITE_RECURSION = YES;
				CLANG_WARN_INT_CONVERSION = YES;
				CLANG_WARN_NON_LITERAL_NULL_CONVERSION = YES;
				CLANG_WARN_OBJC_IMPLICIT_RETAIN_SELF = YES;
				CLANG_WARN_OBJC_LITERAL_CONVERSION = YES;
				CLANG_WARN_OBJC_ROOT_CLASS = YES_ERROR;
				CLANG_WARN_QUOTED_INCLUDE_IN_FRAMEWORK_HEADER = YES;
				CLANG_WARN_RANGE_LOOP_ANALYSIS = YES;
				CLANG_WARN_STRICT_PROTOTYPES = YES;
				CLANG_WARN_SUSPICIOUS_MOVE = YES;
				CLANG_WARN_UNGUARDED_AVAILABILITY = YES_AGGRESSIVE;
				CLANG_WARN_UNREACHABLE_CODE = YES;
				CLANG_WARN__DUPLICATE_METHOD_MATCH = YES;
				COPY_PHASE_STRIP = NO;
				DEBUG_INFORMATION_FORMAT = dwarf;
				ENABLE_STRICT_OBJC_MSGSEND = YES;
				ENABLE_TESTABILITY = YES;
				GCC_C_LANGUAGE_STANDARD = gnu11;
				GCC_DYNAMIC_NO_PIC = NO;
				GCC_NO_COMMON_BLOCKS = YES;
				GCC_OPTIMIZATION_LEVEL = 0;
				GCC_PREPROCESSOR_DEFINITIONS = (
					"DEBUG=1",
					"$(inherited)",
				);
				GCC_WARN_64_TO_32_BIT_CONVERSION = YES;
				GCC_WARN_ABOUT_RETURN_TYPE = YES_ERROR;
				GCC_WARN_UNDECLARED_SELECTOR = YES;
				GCC_WARN_UNINITIALIZED_AUTOS = YES_AGGRESSIVE;
				GCC_WARN_UNUSED_FUNCTION = YES;
				GCC_WARN_UNUSED_VARIABLE = YES;
				IPHONEOS_DEPLOYMENT_TARGET = 15.2;
				MTL_ENABLE_DEBUG_INFO = INCLUDE_SOURCE;
				MTL_FAST_MATH = YES;
				ONLY_ACTIVE_ARCH = YES;
				SDKROOT = iphoneos;
				SWIFT_ACTIVE_COMPILATION_CONDITIONS = DEBUG;
				SWIFT_OPTIMIZATION_LEVEL = "-Onone";
			};
			name = Debug;
		};
		CFC7A52527D793DD00F110C7 /* Release */ = {
			isa = XCBuildConfiguration;
			buildSettings = {
				ALWAYS_SEARCH_USER_PATHS = NO;
				CLANG_ANALYZER_NONNULL = YES;
				CLANG_ANALYZER_NUMBER_OBJECT_CONVERSION = YES_AGGRESSIVE;
				CLANG_CXX_LANGUAGE_STANDARD = "gnu++17";
				CLANG_CXX_LIBRARY = "libc++";
				CLANG_ENABLE_MODULES = YES;
				CLANG_ENABLE_OBJC_ARC = YES;
				CLANG_ENABLE_OBJC_WEAK = YES;
				CLANG_WARN_BLOCK_CAPTURE_AUTORELEASING = YES;
				CLANG_WARN_BOOL_CONVERSION = YES;
				CLANG_WARN_COMMA = YES;
				CLANG_WARN_CONSTANT_CONVERSION = YES;
				CLANG_WARN_DEPRECATED_OBJC_IMPLEMENTATIONS = YES;
				CLANG_WARN_DIRECT_OBJC_ISA_USAGE = YES_ERROR;
				CLANG_WARN_DOCUMENTATION_COMMENTS = YES;
				CLANG_WARN_EMPTY_BODY = YES;
				CLANG_WARN_ENUM_CONVERSION = YES;
				CLANG_WARN_INFINITE_RECURSION = YES;
				CLANG_WARN_INT_CONVERSION = YES;
				CLANG_WARN_NON_LITERAL_NULL_CONVERSION = YES;
				CLANG_WARN_OBJC_IMPLICIT_RETAIN_SELF = YES;
				CLANG_WARN_OBJC_LITERAL_CONVERSION = YES;
				CLANG_WARN_OBJC_ROOT_CLASS = YES_ERROR;
				CLANG_WARN_QUOTED_INCLUDE_IN_FRAMEWORK_HEADER = YES;
				CLANG_WARN_RANGE_LOOP_ANALYSIS = YES;
				CLANG_WARN_STRICT_PROTOTYPES = YES;
				CLANG_WARN_SUSPICIOUS_MOVE = YES;
				CLANG_WARN_UNGUARDED_AVAILABILITY = YES_AGGRESSIVE;
				CLANG_WARN_UNREACHABLE_CODE = YES;
				CLANG_WARN__DUPLICATE_METHOD_MATCH = YES;
				COPY_PHASE_STRIP = NO;
				DEBUG_INFORMATION_FORMAT = "dwarf-with-dsym";
				ENABLE_NS_ASSERTIONS = NO;
				ENABLE_STRICT_OBJC_MSGSEND = YES;
				GCC_C_LANGUAGE_STANDARD = gnu11;
				GCC_NO_COMMON_BLOCKS = YES;
				GCC_WARN_64_TO_32_BIT_CONVERSION = YES;
				GCC_WARN_ABOUT_RETURN_TYPE = YES_ERROR;
				GCC_WARN_UNDECLARED_SELECTOR = YES;
				GCC_WARN_UNINITIALIZED_AUTOS = YES_AGGRESSIVE;
				GCC_WARN_UNUSED_FUNCTION = YES;
				GCC_WARN_UNUSED_VARIABLE = YES;
				IPHONEOS_DEPLOYMENT_TARGET = 15.2;
				MTL_ENABLE_DEBUG_INFO = NO;
				MTL_FAST_MATH = YES;
				SDKROOT = iphoneos;
				SWIFT_COMPILATION_MODE = wholemodule;
				SWIFT_OPTIMIZATION_LEVEL = "-O";
				VALIDATE_PRODUCT = YES;
			};
			name = Release;
		};
		CFC7A52727D793DD00F110C7 /* Debug */ = {
			isa = XCBuildConfiguration;
			baseConfigurationReference = 2B43767EBE0133B7B0A8C3DC /* Pods-MapZip.debug.xcconfig */;
			buildSettings = {
				ASSETCATALOG_COMPILER_APPICON_NAME = AppIcon;
				ASSETCATALOG_COMPILER_GLOBAL_ACCENT_COLOR_NAME = AccentColor;
				CODE_SIGN_STYLE = Automatic;
				CURRENT_PROJECT_VERSION = 1;
				DEVELOPMENT_TEAM = F2ULJVBY3J;
				GENERATE_INFOPLIST_FILE = YES;
				INFOPLIST_FILE = MapZip/Info.plist;
				INFOPLIST_KEY_UIApplicationSupportsIndirectInputEvents = YES;
				INFOPLIST_KEY_UILaunchStoryboardName = LaunchScreen;
				INFOPLIST_KEY_UIMainStoryboardFile = Main;
				INFOPLIST_KEY_UISupportedInterfaceOrientations_iPad = "UIInterfaceOrientationPortrait UIInterfaceOrientationPortraitUpsideDown UIInterfaceOrientationLandscapeLeft UIInterfaceOrientationLandscapeRight";
				INFOPLIST_KEY_UISupportedInterfaceOrientations_iPhone = "UIInterfaceOrientationPortrait UIInterfaceOrientationLandscapeLeft UIInterfaceOrientationLandscapeRight";
				LD_RUNPATH_SEARCH_PATHS = (
					"$(inherited)",
					"@executable_path/Frameworks",
				);
				MARKETING_VERSION = 1.0;
				PRODUCT_BUNDLE_IDENTIFIER = hjChoi.MapZip;
				PRODUCT_NAME = "$(TARGET_NAME)";
				SWIFT_EMIT_LOC_STRINGS = YES;
				SWIFT_VERSION = 5.0;
				TARGETED_DEVICE_FAMILY = "1,2";
			};
			name = Debug;
		};
		CFC7A52827D793DD00F110C7 /* Release */ = {
			isa = XCBuildConfiguration;
			baseConfigurationReference = B334942142C2EA2DE600F55C /* Pods-MapZip.release.xcconfig */;
			buildSettings = {
				ASSETCATALOG_COMPILER_APPICON_NAME = AppIcon;
				ASSETCATALOG_COMPILER_GLOBAL_ACCENT_COLOR_NAME = AccentColor;
				CODE_SIGN_STYLE = Automatic;
				CURRENT_PROJECT_VERSION = 1;
				DEVELOPMENT_TEAM = F2ULJVBY3J;
				GENERATE_INFOPLIST_FILE = YES;
				INFOPLIST_FILE = MapZip/Info.plist;
				INFOPLIST_KEY_UIApplicationSupportsIndirectInputEvents = YES;
				INFOPLIST_KEY_UILaunchStoryboardName = LaunchScreen;
				INFOPLIST_KEY_UIMainStoryboardFile = Main;
				INFOPLIST_KEY_UISupportedInterfaceOrientations_iPad = "UIInterfaceOrientationPortrait UIInterfaceOrientationPortraitUpsideDown UIInterfaceOrientationLandscapeLeft UIInterfaceOrientationLandscapeRight";
				INFOPLIST_KEY_UISupportedInterfaceOrientations_iPhone = "UIInterfaceOrientationPortrait UIInterfaceOrientationLandscapeLeft UIInterfaceOrientationLandscapeRight";
				LD_RUNPATH_SEARCH_PATHS = (
					"$(inherited)",
					"@executable_path/Frameworks",
				);
				MARKETING_VERSION = 1.0;
				PRODUCT_BUNDLE_IDENTIFIER = hjChoi.MapZip;
				PRODUCT_NAME = "$(TARGET_NAME)";
				SWIFT_EMIT_LOC_STRINGS = YES;
				SWIFT_VERSION = 5.0;
				TARGETED_DEVICE_FAMILY = "1,2";
			};
			name = Release;
		};
		CFC7A52A27D793DD00F110C7 /* Debug */ = {
			isa = XCBuildConfiguration;
			baseConfigurationReference = 16C098DD9F51481CEC4BDED2 /* Pods-MapZipTests.debug.xcconfig */;
			buildSettings = {
				BUNDLE_LOADER = "$(TEST_HOST)";
				CODE_SIGN_STYLE = Automatic;
				CURRENT_PROJECT_VERSION = 1;
				DEVELOPMENT_TEAM = F2ULJVBY3J;
				GENERATE_INFOPLIST_FILE = YES;
				IPHONEOS_DEPLOYMENT_TARGET = 15.2;
				MARKETING_VERSION = 1.0;
				PRODUCT_BUNDLE_IDENTIFIER = hjChoi.MapZipTests;
				PRODUCT_NAME = "$(TARGET_NAME)";
				SWIFT_EMIT_LOC_STRINGS = NO;
				SWIFT_VERSION = 5.0;
				TARGETED_DEVICE_FAMILY = "1,2";
				TEST_HOST = "$(BUILT_PRODUCTS_DIR)/MapZip.app/MapZip";
			};
			name = Debug;
		};
		CFC7A52B27D793DD00F110C7 /* Release */ = {
			isa = XCBuildConfiguration;
			baseConfigurationReference = 1759BFD169BEDF15D36A0BD1 /* Pods-MapZipTests.release.xcconfig */;
			buildSettings = {
				BUNDLE_LOADER = "$(TEST_HOST)";
				CODE_SIGN_STYLE = Automatic;
				CURRENT_PROJECT_VERSION = 1;
				DEVELOPMENT_TEAM = F2ULJVBY3J;
				GENERATE_INFOPLIST_FILE = YES;
				IPHONEOS_DEPLOYMENT_TARGET = 15.2;
				MARKETING_VERSION = 1.0;
				PRODUCT_BUNDLE_IDENTIFIER = hjChoi.MapZipTests;
				PRODUCT_NAME = "$(TARGET_NAME)";
				SWIFT_EMIT_LOC_STRINGS = NO;
				SWIFT_VERSION = 5.0;
				TARGETED_DEVICE_FAMILY = "1,2";
				TEST_HOST = "$(BUILT_PRODUCTS_DIR)/MapZip.app/MapZip";
			};
			name = Release;
		};
		CFC7A52D27D793DD00F110C7 /* Debug */ = {
			isa = XCBuildConfiguration;
			baseConfigurationReference = 2482192F69075ACFA5163260 /* Pods-MapZip-MapZipUITests.debug.xcconfig */;
			buildSettings = {
				CODE_SIGN_STYLE = Automatic;
				CURRENT_PROJECT_VERSION = 1;
				DEVELOPMENT_TEAM = F2ULJVBY3J;
				GENERATE_INFOPLIST_FILE = YES;
				MARKETING_VERSION = 1.0;
				PRODUCT_BUNDLE_IDENTIFIER = hjChoi.MapZipUITests;
				PRODUCT_NAME = "$(TARGET_NAME)";
				SWIFT_EMIT_LOC_STRINGS = NO;
				SWIFT_VERSION = 5.0;
				TARGETED_DEVICE_FAMILY = "1,2";
				TEST_TARGET_NAME = MapZip;
			};
			name = Debug;
		};
		CFC7A52E27D793DD00F110C7 /* Release */ = {
			isa = XCBuildConfiguration;
			baseConfigurationReference = D9058ED2333F2CAA1305B8FF /* Pods-MapZip-MapZipUITests.release.xcconfig */;
			buildSettings = {
				CODE_SIGN_STYLE = Automatic;
				CURRENT_PROJECT_VERSION = 1;
				DEVELOPMENT_TEAM = F2ULJVBY3J;
				GENERATE_INFOPLIST_FILE = YES;
				MARKETING_VERSION = 1.0;
				PRODUCT_BUNDLE_IDENTIFIER = hjChoi.MapZipUITests;
				PRODUCT_NAME = "$(TARGET_NAME)";
				SWIFT_EMIT_LOC_STRINGS = NO;
				SWIFT_VERSION = 5.0;
				TARGETED_DEVICE_FAMILY = "1,2";
				TEST_TARGET_NAME = MapZip;
			};
			name = Release;
		};
/* End XCBuildConfiguration section */

/* Begin XCConfigurationList section */
		CFC7A4F727D793D900F110C7 /* Build configuration list for PBXProject "MapZip" */ = {
			isa = XCConfigurationList;
			buildConfigurations = (
				CFC7A52427D793DD00F110C7 /* Debug */,
				CFC7A52527D793DD00F110C7 /* Release */,
			);
			defaultConfigurationIsVisible = 0;
			defaultConfigurationName = Release;
		};
		CFC7A52627D793DD00F110C7 /* Build configuration list for PBXNativeTarget "MapZip" */ = {
			isa = XCConfigurationList;
			buildConfigurations = (
				CFC7A52727D793DD00F110C7 /* Debug */,
				CFC7A52827D793DD00F110C7 /* Release */,
			);
			defaultConfigurationIsVisible = 0;
			defaultConfigurationName = Release;
		};
		CFC7A52927D793DD00F110C7 /* Build configuration list for PBXNativeTarget "MapZipTests" */ = {
			isa = XCConfigurationList;
			buildConfigurations = (
				CFC7A52A27D793DD00F110C7 /* Debug */,
				CFC7A52B27D793DD00F110C7 /* Release */,
			);
			defaultConfigurationIsVisible = 0;
			defaultConfigurationName = Release;
		};
		CFC7A52C27D793DD00F110C7 /* Build configuration list for PBXNativeTarget "MapZipUITests" */ = {
			isa = XCConfigurationList;
			buildConfigurations = (
				CFC7A52D27D793DD00F110C7 /* Debug */,
				CFC7A52E27D793DD00F110C7 /* Release */,
			);
			defaultConfigurationIsVisible = 0;
			defaultConfigurationName = Release;
		};
/* End XCConfigurationList section */
	};
	rootObject = CFC7A4F427D793D900F110C7 /* Project object */;
}
